
Microsoft Visual Studio Solution File, Format Version 12.00
# Visual Studio 15
VisualStudioVersion = 15.0.27130.2027
MinimumVisualStudioVersion = 10.0.40219.1
Project("{FAE04EC0-301F-11D3-BF4B-00C04F79EFBC}") = "WebApplication5", "WebApplication5\WebApplication5.csproj", "{848F5E39-7866-478A-B483-E39EFB7D87DE}"
EndProject
Project("{FAE04EC0-301F-11D3-BF4B-00C04F79EFBC}") = "WebApplication5.Tests", "WebApplication5.Tests\WebApplication5.Tests.csproj", "{CC783765-8B82-4D79-B33F-ED25BF27B60F}"
EndProject
Global
	GlobalSection(SolutionConfigurationPlatforms) = preSolution
		Debug|Any CPU = Debug|Any CPU
		Release|Any CPU = Release|Any CPU
	EndGlobalSection
	GlobalSection(ProjectConfigurationPlatforms) = postSolution
		{848F5E39-7866-478A-B483-E39EFB7D87DE}.Debug|Any CPU.ActiveCfg = Debug|Any CPU
		{848F5E39-7866-478A-B483-E39EFB7D87DE}.Debug|Any CPU.Build.0 = Debug|Any CPU
		{848F5E39-7866-478A-B483-E39EFB7D87DE}.Release|Any CPU.ActiveCfg = Release|Any CPU
		{848F5E39-7866-478A-B483-E39EFB7D87DE}.Release|Any CPU.Build.0 = Release|Any CPU
		{CC783765-8B82-4D79-B33F-ED25BF27B60F}.Debug|Any CPU.ActiveCfg = Debug|Any CPU
		{CC783765-8B82-4D79-B33F-ED25BF27B60F}.Debug|Any CPU.Build.0 = Debug|Any CPU
		{CC783765-8B82-4D79-B33F-ED25BF27B60F}.Release|Any CPU.ActiveCfg = Release|Any CPU
		{CC783765-8B82-4D79-B33F-ED25BF27B60F}.Release|Any CPU.Build.0 = Release|Any CPU
	EndGlobalSection
	GlobalSection(SolutionProperties) = preSolution
		HideSolutionNode = FALSE
	EndGlobalSection
	GlobalSection(ExtensibilityGlobals) = postSolution
		SolutionGuid = {43637C75-A077-42CE-BC14-924F0E1BCB38}
	EndGlobalSection
EndGlobal
